
Microsoft Visual Studio Solution File, Format Version 12.00
# Visual Studio Version 17
VisualStudioVersion = 17.14.36429.23
MinimumVisualStudioVersion = 10.0.40219.1
Project("{2150E333-8FDC-42A3-9474-1A3956D46DE8}") = "Task0", "Task0", "{02EA681E-C7D8-13C7-8484-4AC65E1B71E8}"
EndProject
Project("{FAE04EC0-301F-11D3-BF4B-00C04F79EFBC}") = "Tyuiu.GalchinskayaVV.Sprint5.Task0.V18.Lib", "Tyuiu.GalchinskayaVV.Sprint5.Task0.V18.Lib\Tyuiu.GalchinskayaVV.Sprint5.Task0.V18.Lib.csproj", "{0853F3E3-74F8-44B3-B81A-3B1BCFE73BCD}"
EndProject
Project("{FAE04EC0-301F-11D3-BF4B-00C04F79EFBC}") = "Tyuiu.GalchinskayaVV.Sprint5.Task0.V18", "Tyuiu.GalchinskayaVV.Sprint5.Task0.V18\Tyuiu.GalchinskayaVV.Sprint5.Task0.V18.csproj", "{A5D3D969-9161-45A3-B403-0A36B2B8154F}"
EndProject
Project("{FAE04EC0-301F-11D3-BF4B-00C04F79EFBC}") = "Tyuiu.GalchinskayaVV.Sprint5.Task0.V18.Test", "Tyuiu.GalchinskayaVV.Sprint5.Task0.V18.Test\Tyuiu.GalchinskayaVV.Sprint5.Task0.V18.Test.csproj", "{3C95D83D-BDE6-420F-BF6B-EA2A37C2604A}"
EndProject
Project("{2150E333-8FDC-42A3-9474-1A3956D46DE8}") = "Task1", "Task1", "{019C6400-CCBF-4BDA-BFFA-D8BEF73BA5AE}"
EndProject
Project("{FAE04EC0-301F-11D3-BF4B-00C04F79EFBC}") = "Tyuiu.GalchinskayaVV.Sprint5.Task1.V19.Test", "Tyuiu.GalchinskayaVV.Sprint5.Task1.V19.Test\Tyuiu.GalchinskayaVV.Sprint5.Task1.V19.Test.csproj", "{6D6DB488-8C14-4209-9220-F9EB943D5E7A}"
EndProject
Project("{FAE04EC0-301F-11D3-BF4B-00C04F79EFBC}") = "Tyuiu.GalchinskayaVV.Sprint5.Task1.V19.Lib", "Tyuiu.GalchinskayaVV.Sprint5.Task1.V19.Lib\Tyuiu.GalchinskayaVV.Sprint5.Task1.V19.Lib.csproj", "{1D91CF68-047D-42D9-8F55-BA605AE7716A}"
EndProject
Project("{FAE04EC0-301F-11D3-BF4B-00C04F79EFBC}") = "Tyuiu.GalchinskayaVV.Sprint5.Task1.V19", "Tyuiu.GalchinskayaVV.Sprint5.Task1.V19\Tyuiu.GalchinskayaVV.Sprint5.Task1.V19.csproj", "{5A118386-2DBD-46FF-B88B-694A8F7D4EA6}"
EndProject
Project("{2150E333-8FDC-42A3-9474-1A3956D46DE8}") = "Task2", "Task2", "{B2E0768C-4B20-425E-82C7-993A352EF165}"
EndProject
Project("{FAE04EC0-301F-11D3-BF4B-00C04F79EFBC}") = "Tyuiu.GalchinskayaVV.Sprint5.Task2.V27", "Tyuiu.GalchinskayaVV.Sprint5.Task2.V27\Tyuiu.GalchinskayaVV.Sprint5.Task2.V27.csproj", "{61E163D3-DA1A-4D4E-AFE1-FDF769A121AA}"
EndProject
Project("{FAE04EC0-301F-11D3-BF4B-00C04F79EFBC}") = "Tyuiu.GalchinskayaVV.Sprint5.Task2.V27.Lib", "Tyuiu.GalchinskayaVV.Sprint5.Task2.V27.Lib\Tyuiu.GalchinskayaVV.Sprint5.Task2.V27.Lib.csproj", "{DBB6D206-3DEE-4C2A-88FF-5BF693063C95}"
EndProject
Project("{FAE04EC0-301F-11D3-BF4B-00C04F79EFBC}") = "Tyuiu.GalchinskayaVV.Sprint5.Task2.V27.Test", "Tyuiu.GalchinskayaVV.Sprint5.Task2.V27.Test\Tyuiu.GalchinskayaVV.Sprint5.Task2.V27.Test.csproj", "{9B59B82B-390A-4D2E-B7D5-A011C8481CAB}"
EndProject
Project("{2150E333-8FDC-42A3-9474-1A3956D46DE8}") = "Task3", "Task3", "{9DFF2F1F-71ED-4806-BFF6-BB3098EE676E}"
EndProject
Project("{FAE04EC0-301F-11D3-BF4B-00C04F79EFBC}") = "Tyuiu.GalchinskayaVV.Sprint5.Task3.V17.Test", "Tyuiu.GalchinskayaVV.Sprint5.Task3.V17.Test\Tyuiu.GalchinskayaVV.Sprint5.Task3.V17.Test.csproj", "{922D7936-A7A7-40AE-91F6-996C71905F91}"
EndProject
Project("{FAE04EC0-301F-11D3-BF4B-00C04F79EFBC}") = "Tyuiu.GalchinskayaVV.Sprint5.Task3.V17.Lib", "Tyuiu.GalchinskayaVV.Sprint5.Task3.V17.Lib\Tyuiu.GalchinskayaVV.Sprint5.Task3.V17.Lib.csproj", "{D9104590-4F1A-4CDB-B3FB-3F2FAFC84430}"
EndProject
Project("{FAE04EC0-301F-11D3-BF4B-00C04F79EFBC}") = "Tyuiu.GalchinskayaVV.Sprint5.Task3.V17", "Tyuiu.GalchinskayaVV.Sprint5.Task3.V17\Tyuiu.GalchinskayaVV.Sprint5.Task3.V17.csproj", "{A4C62A81-D6C7-4D12-8872-3E316D57E7F2}"
EndProject
Project("{2150E333-8FDC-42A3-9474-1A3956D46DE8}") = "Task4", "Task4", "{942DD4B4-D1C2-45E3-A79E-441B54C35F00}"
EndProject
Project("{FAE04EC0-301F-11D3-BF4B-00C04F79EFBC}") = "Tyuiu.GalchinskayaVV.Sprint5.Task4.V13", "Tyuiu.GalchinskayaVV.Sprint5.Task4.V13\Tyuiu.GalchinskayaVV.Sprint5.Task4.V13.csproj", "{D674AA33-6702-4F36-9FAD-80FC82424C5F}"
EndProject
Project("{FAE04EC0-301F-11D3-BF4B-00C04F79EFBC}") = "Tyuiu.GalchinskayaVV.Sprint5.Task4.V13.Lib", "Tyuiu.GalchinskayaVV.Sprint5.Task4.V13.Lib\Tyuiu.GalchinskayaVV.Sprint5.Task4.V13.Lib.csproj", "{495E6016-D065-4F39-9287-37AA1B182078}"
EndProject
Project("{FAE04EC0-301F-11D3-BF4B-00C04F79EFBC}") = "Tyuiu.GalchinskayaVV.Sprint5.Task4.V13.Test", "Tyuiu.GalchinskayaVV.Sprint5.Task4.V13.Test\Tyuiu.GalchinskayaVV.Sprint5.Task4.V13.Test.csproj", "{9424C03F-986E-45E5-B120-021D82F6A03B}"
EndProject
Global
	GlobalSection(SolutionConfigurationPlatforms) = preSolution
		Debug|Any CPU = Debug|Any CPU
		Release|Any CPU = Release|Any CPU
	EndGlobalSection
	GlobalSection(ProjectConfigurationPlatforms) = postSolution
		{0853F3E3-74F8-44B3-B81A-3B1BCFE73BCD}.Debug|Any CPU.ActiveCfg = Debug|Any CPU
		{0853F3E3-74F8-44B3-B81A-3B1BCFE73BCD}.Debug|Any CPU.Build.0 = Debug|Any CPU
		{0853F3E3-74F8-44B3-B81A-3B1BCFE73BCD}.Release|Any CPU.ActiveCfg = Release|Any CPU
		{0853F3E3-74F8-44B3-B81A-3B1BCFE73BCD}.Release|Any CPU.Build.0 = Release|Any CPU
		{A5D3D969-9161-45A3-B403-0A36B2B8154F}.Debug|Any CPU.ActiveCfg = Debug|Any CPU
		{A5D3D969-9161-45A3-B403-0A36B2B8154F}.Debug|Any CPU.Build.0 = Debug|Any CPU
		{A5D3D969-9161-45A3-B403-0A36B2B8154F}.Release|Any CPU.ActiveCfg = Release|Any CPU
		{A5D3D969-9161-45A3-B403-0A36B2B8154F}.Release|Any CPU.Build.0 = Release|Any CPU
		{3C95D83D-BDE6-420F-BF6B-EA2A37C2604A}.Debug|Any CPU.ActiveCfg = Debug|Any CPU
		{3C95D83D-BDE6-420F-BF6B-EA2A37C2604A}.Debug|Any CPU.Build.0 = Debug|Any CPU
		{3C95D83D-BDE6-420F-BF6B-EA2A37C2604A}.Release|Any CPU.ActiveCfg = Release|Any CPU
		{3C95D83D-BDE6-420F-BF6B-EA2A37C2604A}.Release|Any CPU.Build.0 = Release|Any CPU
		{6D6DB488-8C14-4209-9220-F9EB943D5E7A}.Debug|Any CPU.ActiveCfg = Debug|Any CPU
		{6D6DB488-8C14-4209-9220-F9EB943D5E7A}.Debug|Any CPU.Build.0 = Debug|Any CPU
		{6D6DB488-8C14-4209-9220-F9EB943D5E7A}.Release|Any CPU.ActiveCfg = Release|Any CPU
		{6D6DB488-8C14-4209-9220-F9EB943D5E7A}.Release|Any CPU.Build.0 = Release|Any CPU
		{1D91CF68-047D-42D9-8F55-BA605AE7716A}.Debug|Any CPU.ActiveCfg = Debug|Any CPU
		{1D91CF68-047D-42D9-8F55-BA605AE7716A}.Debug|Any CPU.Build.0 = Debug|Any CPU
		{1D91CF68-047D-42D9-8F55-BA605AE7716A}.Release|Any CPU.ActiveCfg = Release|Any CPU
		{1D91CF68-047D-42D9-8F55-BA605AE7716A}.Release|Any CPU.Build.0 = Release|Any CPU
		{5A118386-2DBD-46FF-B88B-694A8F7D4EA6}.Debug|Any CPU.ActiveCfg = Debug|Any CPU
		{5A118386-2DBD-46FF-B88B-694A8F7D4EA6}.Debug|Any CPU.Build.0 = Debug|Any CPU
		{5A118386-2DBD-46FF-B88B-694A8F7D4EA6}.Release|Any CPU.ActiveCfg = Release|Any CPU
		{5A118386-2DBD-46FF-B88B-694A8F7D4EA6}.Release|Any CPU.Build.0 = Release|Any CPU
		{61E163D3-DA1A-4D4E-AFE1-FDF769A121AA}.Debug|Any CPU.ActiveCfg = Debug|Any CPU
		{61E163D3-DA1A-4D4E-AFE1-FDF769A121AA}.Debug|Any CPU.Build.0 = Debug|Any CPU
		{61E163D3-DA1A-4D4E-AFE1-FDF769A121AA}.Release|Any CPU.ActiveCfg = Release|Any CPU
		{61E163D3-DA1A-4D4E-AFE1-FDF769A121AA}.Release|Any CPU.Build.0 = Release|Any CPU
		{DBB6D206-3DEE-4C2A-88FF-5BF693063C95}.Debug|Any CPU.ActiveCfg = Debug|Any CPU
		{DBB6D206-3DEE-4C2A-88FF-5BF693063C95}.Debug|Any CPU.Build.0 = Debug|Any CPU
		{DBB6D206-3DEE-4C2A-88FF-5BF693063C95}.Release|Any CPU.ActiveCfg = Release|Any CPU
		{DBB6D206-3DEE-4C2A-88FF-5BF693063C95}.Release|Any CPU.Build.0 = Release|Any CPU
		{9B59B82B-390A-4D2E-B7D5-A011C8481CAB}.Debug|Any CPU.ActiveCfg = Debug|Any CPU
		{9B59B82B-390A-4D2E-B7D5-A011C8481CAB}.Debug|Any CPU.Build.0 = Debug|Any CPU
		{9B59B82B-390A-4D2E-B7D5-A011C8481CAB}.Release|Any CPU.ActiveCfg = Release|Any CPU
		{9B59B82B-390A-4D2E-B7D5-A011C8481CAB}.Release|Any CPU.Build.0 = Release|Any CPU
		{922D7936-A7A7-40AE-91F6-996C71905F91}.Debug|Any CPU.ActiveCfg = Debug|Any CPU
		{922D7936-A7A7-40AE-91F6-996C71905F91}.Debug|Any CPU.Build.0 = Debug|Any CPU
		{922D7936-A7A7-40AE-91F6-996C71905F91}.Release|Any CPU.ActiveCfg = Release|Any CPU
		{922D7936-A7A7-40AE-91F6-996C71905F91}.Release|Any CPU.Build.0 = Release|Any CPU
		{D9104590-4F1A-4CDB-B3FB-3F2FAFC84430}.Debug|Any CPU.ActiveCfg = Debug|Any CPU
		{D9104590-4F1A-4CDB-B3FB-3F2FAFC84430}.Debug|Any CPU.Build.0 = Debug|Any CPU
		{D9104590-4F1A-4CDB-B3FB-3F2FAFC84430}.Release|Any CPU.ActiveCfg = Release|Any CPU
		{D9104590-4F1A-4CDB-B3FB-3F2FAFC84430}.Release|Any CPU.Build.0 = Release|Any CPU
		{A4C62A81-D6C7-4D12-8872-3E316D57E7F2}.Debug|Any CPU.ActiveCfg = Debug|Any CPU
		{A4C62A81-D6C7-4D12-8872-3E316D57E7F2}.Debug|Any CPU.Build.0 = Debug|Any CPU
		{A4C62A81-D6C7-4D12-8872-3E316D57E7F2}.Release|Any CPU.ActiveCfg = Release|Any CPU
		{A4C62A81-D6C7-4D12-8872-3E316D57E7F2}.Release|Any CPU.Build.0 = Release|Any CPU
		{D674AA33-6702-4F36-9FAD-80FC82424C5F}.Debug|Any CPU.ActiveCfg = Debug|Any CPU
		{D674AA33-6702-4F36-9FAD-80FC82424C5F}.Debug|Any CPU.Build.0 = Debug|Any CPU
		{D674AA33-6702-4F36-9FAD-80FC82424C5F}.Release|Any CPU.ActiveCfg = Release|Any CPU
		{D674AA33-6702-4F36-9FAD-80FC82424C5F}.Release|Any CPU.Build.0 = Release|Any CPU
		{495E6016-D065-4F39-9287-37AA1B182078}.Debug|Any CPU.ActiveCfg = Debug|Any CPU
		{495E6016-D065-4F39-9287-37AA1B182078}.Debug|Any CPU.Build.0 = Debug|Any CPU
		{495E6016-D065-4F39-9287-37AA1B182078}.Release|Any CPU.ActiveCfg = Release|Any CPU
		{495E6016-D065-4F39-9287-37AA1B182078}.Release|Any CPU.Build.0 = Release|Any CPU
		{9424C03F-986E-45E5-B120-021D82F6A03B}.Debug|Any CPU.ActiveCfg = Debug|Any CPU
		{9424C03F-986E-45E5-B120-021D82F6A03B}.Debug|Any CPU.Build.0 = Debug|Any CPU
		{9424C03F-986E-45E5-B120-021D82F6A03B}.Release|Any CPU.ActiveCfg = Release|Any CPU
		{9424C03F-986E-45E5-B120-021D82F6A03B}.Release|Any CPU.Build.0 = Release|Any CPU
	EndGlobalSection
	GlobalSection(SolutionProperties) = preSolution
		HideSolutionNode = FALSE
	EndGlobalSection
	GlobalSection(NestedProjects) = preSolution
		{0853F3E3-74F8-44B3-B81A-3B1BCFE73BCD} = {02EA681E-C7D8-13C7-8484-4AC65E1B71E8}
		{A5D3D969-9161-45A3-B403-0A36B2B8154F} = {02EA681E-C7D8-13C7-8484-4AC65E1B71E8}
		{3C95D83D-BDE6-420F-BF6B-EA2A37C2604A} = {02EA681E-C7D8-13C7-8484-4AC65E1B71E8}
		{6D6DB488-8C14-4209-9220-F9EB943D5E7A} = {019C6400-CCBF-4BDA-BFFA-D8BEF73BA5AE}
		{1D91CF68-047D-42D9-8F55-BA605AE7716A} = {019C6400-CCBF-4BDA-BFFA-D8BEF73BA5AE}
		{5A118386-2DBD-46FF-B88B-694A8F7D4EA6} = {019C6400-CCBF-4BDA-BFFA-D8BEF73BA5AE}
		{61E163D3-DA1A-4D4E-AFE1-FDF769A121AA} = {B2E0768C-4B20-425E-82C7-993A352EF165}
		{DBB6D206-3DEE-4C2A-88FF-5BF693063C95} = {B2E0768C-4B20-425E-82C7-993A352EF165}
		{9B59B82B-390A-4D2E-B7D5-A011C8481CAB} = {B2E0768C-4B20-425E-82C7-993A352EF165}
		{922D7936-A7A7-40AE-91F6-996C71905F91} = {9DFF2F1F-71ED-4806-BFF6-BB3098EE676E}
		{D9104590-4F1A-4CDB-B3FB-3F2FAFC84430} = {9DFF2F1F-71ED-4806-BFF6-BB3098EE676E}
		{A4C62A81-D6C7-4D12-8872-3E316D57E7F2} = {9DFF2F1F-71ED-4806-BFF6-BB3098EE676E}
		{D674AA33-6702-4F36-9FAD-80FC82424C5F} = {942DD4B4-D1C2-45E3-A79E-441B54C35F00}
		{495E6016-D065-4F39-9287-37AA1B182078} = {942DD4B4-D1C2-45E3-A79E-441B54C35F00}
		{9424C03F-986E-45E5-B120-021D82F6A03B} = {942DD4B4-D1C2-45E3-A79E-441B54C35F00}
	EndGlobalSection
	GlobalSection(ExtensibilityGlobals) = postSolution
		SolutionGuid = {F93590A8-F883-4E64-825C-E90F0BB67D96}
	EndGlobalSection
EndGlobal
