
Microsoft Visual Studio Solution File, Format Version 12.00
# Visual Studio Version 17
VisualStudioVersion = 17.14.36429.23 d17.14
MinimumVisualStudioVersion = 10.0.40219.1
Project("{2150E333-8FDC-42A3-9474-1A3956D46DE8}") = "Task0", "Task0", "{02EA681E-C7D8-13C7-8484-4AC65E1B71E8}"
EndProject
Project("{FAE04EC0-301F-11D3-BF4B-00C04F79EFBC}") = "Tyuiu.GalchinskayaVV.Sprint5.Task0.V18.Lib", "Tyuiu.GalchinskayaVV.Sprint5.Task0.V18.Lib\Tyuiu.GalchinskayaVV.Sprint5.Task0.V18.Lib.csproj", "{0853F3E3-74F8-44B3-B81A-3B1BCFE73BCD}"
EndProject
Project("{FAE04EC0-301F-11D3-BF4B-00C04F79EFBC}") = "Tyuiu.GalchinskayaVV.Sprint5.Task0.V18", "Tyuiu.GalchinskayaVV.Sprint5.Task0.V18\Tyuiu.GalchinskayaVV.Sprint5.Task0.V18.csproj", "{A5D3D969-9161-45A3-B403-0A36B2B8154F}"
EndProject
Project("{FAE04EC0-301F-11D3-BF4B-00C04F79EFBC}") = "Tyuiu.GalchinskayaVV.Sprint5.Task0.V18.Test", "Tyuiu.GalchinskayaVV.Sprint5.Task0.V18.Test\Tyuiu.GalchinskayaVV.Sprint5.Task0.V18.Test.csproj", "{3C95D83D-BDE6-420F-BF6B-EA2A37C2604A}"
EndProject
Project("{2150E333-8FDC-42A3-9474-1A3956D46DE8}") = "Task1", "Task1", "{019C6400-CCBF-4BDA-BFFA-D8BEF73BA5AE}"
EndProject
Project("{FAE04EC0-301F-11D3-BF4B-00C04F79EFBC}") = "Tyuiu.GalchinskayaVV.Sprint5.Task1.V19.Test", "Tyuiu.GalchinskayaVV.Sprint5.Task1.V19.Test\Tyuiu.GalchinskayaVV.Sprint5.Task1.V19.Test.csproj", "{6D6DB488-8C14-4209-9220-F9EB943D5E7A}"
EndProject
Project("{FAE04EC0-301F-11D3-BF4B-00C04F79EFBC}") = "Tyuiu.GalchinskayaVV.Sprint5.Task1.V19.Lib", "Tyuiu.GalchinskayaVV.Sprint5.Task1.V19.Lib\Tyuiu.GalchinskayaVV.Sprint5.Task1.V19.Lib.csproj", "{1D91CF68-047D-42D9-8F55-BA605AE7716A}"
EndProject
Project("{FAE04EC0-301F-11D3-BF4B-00C04F79EFBC}") = "Tyuiu.GalchinskayaVV.Sprint5.Task1.V19", "Tyuiu.GalchinskayaVV.Sprint5.Task1.V19\Tyuiu.GalchinskayaVV.Sprint5.Task1.V19.csproj", "{5A118386-2DBD-46FF-B88B-694A8F7D4EA6}"
EndProject
Global
	GlobalSection(SolutionConfigurationPlatforms) = preSolution
		Debug|Any CPU = Debug|Any CPU
		Release|Any CPU = Release|Any CPU
	EndGlobalSection
	GlobalSection(ProjectConfigurationPlatforms) = postSolution
		{0853F3E3-74F8-44B3-B81A-3B1BCFE73BCD}.Debug|Any CPU.ActiveCfg = Debug|Any CPU
		{0853F3E3-74F8-44B3-B81A-3B1BCFE73BCD}.Debug|Any CPU.Build.0 = Debug|Any CPU
		{0853F3E3-74F8-44B3-B81A-3B1BCFE73BCD}.Release|Any CPU.ActiveCfg = Release|Any CPU
		{0853F3E3-74F8-44B3-B81A-3B1BCFE73BCD}.Release|Any CPU.Build.0 = Release|Any CPU
		{A5D3D969-9161-45A3-B403-0A36B2B8154F}.Debug|Any CPU.ActiveCfg = Debug|Any CPU
		{A5D3D969-9161-45A3-B403-0A36B2B8154F}.Debug|Any CPU.Build.0 = Debug|Any CPU
		{A5D3D969-9161-45A3-B403-0A36B2B8154F}.Release|Any CPU.ActiveCfg = Release|Any CPU
		{A5D3D969-9161-45A3-B403-0A36B2B8154F}.Release|Any CPU.Build.0 = Release|Any CPU
		{3C95D83D-BDE6-420F-BF6B-EA2A37C2604A}.Debug|Any CPU.ActiveCfg = Debug|Any CPU
		{3C95D83D-BDE6-420F-BF6B-EA2A37C2604A}.Debug|Any CPU.Build.0 = Debug|Any CPU
		{3C95D83D-BDE6-420F-BF6B-EA2A37C2604A}.Release|Any CPU.ActiveCfg = Release|Any CPU
		{3C95D83D-BDE6-420F-BF6B-EA2A37C2604A}.Release|Any CPU.Build.0 = Release|Any CPU
		{6D6DB488-8C14-4209-9220-F9EB943D5E7A}.Debug|Any CPU.ActiveCfg = Debug|Any CPU
		{6D6DB488-8C14-4209-9220-F9EB943D5E7A}.Debug|Any CPU.Build.0 = Debug|Any CPU
		{6D6DB488-8C14-4209-9220-F9EB943D5E7A}.Release|Any CPU.ActiveCfg = Release|Any CPU
		{6D6DB488-8C14-4209-9220-F9EB943D5E7A}.Release|Any CPU.Build.0 = Release|Any CPU
		{1D91CF68-047D-42D9-8F55-BA605AE7716A}.Debug|Any CPU.ActiveCfg = Debug|Any CPU
		{1D91CF68-047D-42D9-8F55-BA605AE7716A}.Debug|Any CPU.Build.0 = Debug|Any CPU
		{1D91CF68-047D-42D9-8F55-BA605AE7716A}.Release|Any CPU.ActiveCfg = Release|Any CPU
		{1D91CF68-047D-42D9-8F55-BA605AE7716A}.Release|Any CPU.Build.0 = Release|Any CPU
		{5A118386-2DBD-46FF-B88B-694A8F7D4EA6}.Debug|Any CPU.ActiveCfg = Debug|Any CPU
		{5A118386-2DBD-46FF-B88B-694A8F7D4EA6}.Debug|Any CPU.Build.0 = Debug|Any CPU
		{5A118386-2DBD-46FF-B88B-694A8F7D4EA6}.Release|Any CPU.ActiveCfg = Release|Any CPU
		{5A118386-2DBD-46FF-B88B-694A8F7D4EA6}.Release|Any CPU.Build.0 = Release|Any CPU
	EndGlobalSection
	GlobalSection(SolutionProperties) = preSolution
		HideSolutionNode = FALSE
	EndGlobalSection
	GlobalSection(NestedProjects) = preSolution
		{0853F3E3-74F8-44B3-B81A-3B1BCFE73BCD} = {02EA681E-C7D8-13C7-8484-4AC65E1B71E8}
		{A5D3D969-9161-45A3-B403-0A36B2B8154F} = {02EA681E-C7D8-13C7-8484-4AC65E1B71E8}
		{3C95D83D-BDE6-420F-BF6B-EA2A37C2604A} = {02EA681E-C7D8-13C7-8484-4AC65E1B71E8}
		{6D6DB488-8C14-4209-9220-F9EB943D5E7A} = {019C6400-CCBF-4BDA-BFFA-D8BEF73BA5AE}
		{1D91CF68-047D-42D9-8F55-BA605AE7716A} = {019C6400-CCBF-4BDA-BFFA-D8BEF73BA5AE}
		{5A118386-2DBD-46FF-B88B-694A8F7D4EA6} = {019C6400-CCBF-4BDA-BFFA-D8BEF73BA5AE}
	EndGlobalSection
	GlobalSection(ExtensibilityGlobals) = postSolution
		SolutionGuid = {F93590A8-F883-4E64-825C-E90F0BB67D96}
	EndGlobalSection
EndGlobal
